
Microsoft Visual Studio Solution File, Format Version 12.00
# Visual Studio Version 17
VisualStudioVersion = 17.12.35728.132 d17.12
MinimumVisualStudioVersion = 10.0.40219.1
Project("{FAE04EC0-301F-11D3-BF4B-00C04F79EFBC}") = "MS Basic App GitHub", "MS Basic App GitHub\MS Basic App GitHub.csproj", "{1B43D7CF-ECCB-45D4-B327-9FB20675FC48}"
EndProject
Project("{FAE04EC0-301F-11D3-BF4B-00C04F79EFBC}") = "MS_Basic_App_GitHub.Tests", "MS_Basic_App_GitHub.Tests\MS_Basic_App_GitHub.Tests.csproj", "{D0601806-17F5-437D-9BB7-32B1BC941E00}"
EndProject
Global
	GlobalSection(SolutionConfigurationPlatforms) = preSolution
		Debug|Any CPU = Debug|Any CPU
		Release|Any CPU = Release|Any CPU
	EndGlobalSection
	GlobalSection(ProjectConfigurationPlatforms) = postSolution
		{1B43D7CF-ECCB-45D4-B327-9FB20675FC48}.Debug|Any CPU.ActiveCfg = Debug|Any CPU
		{1B43D7CF-ECCB-45D4-B327-9FB20675FC48}.Debug|Any CPU.Build.0 = Debug|Any CPU
		{1B43D7CF-ECCB-45D4-B327-9FB20675FC48}.Release|Any CPU.ActiveCfg = Release|Any CPU
		{1B43D7CF-ECCB-45D4-B327-9FB20675FC48}.Release|Any CPU.Build.0 = Release|Any CPU
		{D0601806-17F5-437D-9BB7-32B1BC941E00}.Debug|Any CPU.ActiveCfg = Debug|Any CPU
		{D0601806-17F5-437D-9BB7-32B1BC941E00}.Debug|Any CPU.Build.0 = Debug|Any CPU
		{D0601806-17F5-437D-9BB7-32B1BC941E00}.Release|Any CPU.ActiveCfg = Release|Any CPU
		{D0601806-17F5-437D-9BB7-32B1BC941E00}.Release|Any CPU.Build.0 = Release|Any CPU
	EndGlobalSection
	GlobalSection(SolutionProperties) = preSolution
		HideSolutionNode = FALSE
	EndGlobalSection
EndGlobal
